{"SurveyEntry":{"SurveyID":"SV_6ViRhA5W64pm3kh","SurveyName":"Gofundme","SurveyDescription":null,"SurveyOwnerID":"UR_bIemZu1ms6gWcBL","SurveyBrandID":"terry","DivisionID":"DV_8IiQvU3GW1BHgxL","SurveyLanguage":"EN","SurveyActiveResponseSet":"RS_2cu0EwbNCNQTXet","SurveyStatus":"Active","SurveyStartDate":"0000-00-00 00:00:00","SurveyExpirationDate":"0000-00-00 00:00:00","SurveyCreationDate":"2019-10-01 14:51:52","CreatorID":"UR_bIemZu1ms6gWcBL","LastModified":"2019-10-12 18:38:23","LastAccessed":"0000-00-00 00:00:00","LastActivated":"2019-10-03 10:46:15","Deleted":null},"SurveyElements":[{"SurveyID":"SV_6ViRhA5W64pm3kh","Element":"BL","PrimaryAttribute":"Survey Blocks","SecondaryAttribute":null,"TertiaryAttribute":null,"Payload":[{"Type":"Default","Description":"Default Question Block","ID":"BL_6PuvxgXsAkTMSmV","BlockElements":[{"Type":"Question","QuestionID":"QID2"},{"Type":"Question","QuestionID":"QID3"}]},{"Type":"Trash","Description":"Trash \/ Unused Questions","ID":"BL_24TkhAqq4Fiq9Lv","BlockElements":[{"Type":"Question","QuestionID":"QID1"},{"Type":"Question","QuestionID":"QID5"},{"Type":"Question","QuestionID":"QID4"},{"Type":"Question","QuestionID":"QID6"}]},{"Type":"Standard","SubType":"","Description":"Block 1","ID":"BL_db4HyAD5nUPEIwR","Options":{"BlockLocking":"false","RandomizeQuestions":"false","BlockVisibility":"Expanded"},"BlockElements":[]}]},{"SurveyID":"SV_6ViRhA5W64pm3kh","Element":"FL","PrimaryAttribute":"Survey Flow","SecondaryAttribute":null,"TertiaryAttribute":null,"Payload":{"Flow":[{"ID":"BL_db4HyAD5nUPEIwR","Type":"Standard","FlowID":"FL_3"},{"ID":"BL_6PuvxgXsAkTMSmV","Type":"Block","FlowID":"FL_2"}],"Properties":{"Count":3},"FlowID":"FL_1","Type":"Root"}},{"SurveyID":"SV_6ViRhA5W64pm3kh","Element":"SO","PrimaryAttribute":"Survey Options","SecondaryAttribute":null,"TertiaryAttribute":null,"Payload":{"BackButton":"false","SaveAndContinue":"true","SurveyProtection":"PublicSurvey","BallotBoxStuffingPrevention":"false","NoIndex":"Yes","SecureResponseFiles":"true","SurveyExpiration":"None","SurveyTermination":"DefaultMessage","Header":"","Footer":"","ProgressBarDisplay":"None","PartialData":"+1 week","ValidationMessage":"","PreviousButton":" \u2190 ","NextButton":" \u2192 ","SkinLibrary":"terry","SkinType":"MQ","Skin":"terrybusiness-gray","NewScoring":1,"ProtectSelectionIds":true}},{"SurveyID":"SV_6ViRhA5W64pm3kh","Element":"SCO","PrimaryAttribute":"Scoring","SecondaryAttribute":null,"TertiaryAttribute":null,"Payload":{"ScoringCategories":[],"ScoringCategoryGroups":[],"ScoringSummaryCategory":null,"ScoringSummaryAfterQuestions":0,"ScoringSummaryAfterSurvey":0,"DefaultScoringCategory":null,"AutoScoringCategory":null}},{"SurveyID":"SV_6ViRhA5W64pm3kh","Element":"PROJ","PrimaryAttribute":"CORE","SecondaryAttribute":null,"TertiaryAttribute":"1.1.0","Payload":{"ProjectCategory":"CORE","SchemaVersion":"1.1.0"}},{"SurveyID":"SV_6ViRhA5W64pm3kh","Element":"STAT","PrimaryAttribute":"Survey Statistics","SecondaryAttribute":null,"TertiaryAttribute":null,"Payload":{"MobileCompatible":true,"ID":"Survey Statistics"}},{"SurveyID":"SV_6ViRhA5W64pm3kh","Element":"QC","PrimaryAttribute":"Survey Question Count","SecondaryAttribute":"6","TertiaryAttribute":null,"Payload":null},{"SurveyID":"SV_6ViRhA5W64pm3kh","Element":"SQ","PrimaryAttribute":"QID1","SecondaryAttribute":"Click to write the question text","TertiaryAttribute":null,"Payload":{"QuestionText":"Click to write the question text","DataExportTag":"Q1","QuestionType":"MC","Selector":"SAVR","SubSelector":"TX","Configuration":{"QuestionDescriptionOption":"UseText"},"QuestionDescription":"Click to write the question text","Choices":{"1":{"Display":"Click to write Choice 1"},"2":{"Display":"Click to write Choice 2"},"3":{"Display":"Click to write Choice 3"}},"ChoiceOrder":["1","2","3"],"Validation":{"Settings":{"ForceResponse":"OFF","ForceResponseType":"ON","Type":"None"}},"Language":[],"NextChoiceId":4,"NextAnswerId":1,"QuestionID":"QID1"}},{"SurveyID":"SV_6ViRhA5W64pm3kh","Element":"SQ","PrimaryAttribute":"QID5","SecondaryAttribute":"Click to write the question text","TertiaryAttribute":null,"Payload":{"QuestionText":"Click to write the question text","DefaultChoices":false,"DataExportTag":"Q5","QuestionType":"TE","Selector":"SL","Configuration":{"QuestionDescriptionOption":"UseText"},"QuestionDescription":"Click to write the question text","Validation":{"Settings":{"ForceResponse":"OFF","ForceResponseType":"ON","Type":"None"}},"GradingData":[],"Language":[],"NextChoiceId":4,"NextAnswerId":1,"SearchSource":{"AllowFreeResponse":"false"},"QuestionID":"QID5"}},{"SurveyID":"SV_6ViRhA5W64pm3kh","Element":"RS","PrimaryAttribute":"RS_2cu0EwbNCNQTXet","SecondaryAttribute":"Default Response Set","TertiaryAttribute":null,"Payload":null},{"SurveyID":"SV_6ViRhA5W64pm3kh","Element":"SQ","PrimaryAttribute":"QID4","SecondaryAttribute":"Lighthouse","TertiaryAttribute":null,"Payload":{"QuestionText":"Lighthouse","DefaultChoices":false,"DataExportTag":"Q4","QuestionType":"DB","Selector":"GRB","SubSelector":"WOTXB","Configuration":{"QuestionDescriptionOption":"UseText"},"QuestionDescription":"Lighthouse","ChoiceOrder":[],"Validation":{"Settings":{"Type":"None"}},"GradingData":[],"Language":[],"NextChoiceId":4,"NextAnswerId":1,"Graphics":"IM_74mJxMdLTAMaF4p","GraphicsDescription":"Lighthouse","QuestionID":"QID4"}},{"SurveyID":"SV_6ViRhA5W64pm3kh","Element":"SQ","PrimaryAttribute":"QID6","SecondaryAttribute":"This is a text that I should dynamically load along with above image.","TertiaryAttribute":null,"Payload":{"QuestionText":"This is a text that I should dynamically load along with above image.","DefaultChoices":false,"DataExportTag":"Q6","QuestionType":"DB","Selector":"TB","Configuration":{"QuestionDescriptionOption":"UseText"},"QuestionDescription":"This is a text that I should dynamically load along with above image.","ChoiceOrder":[],"Validation":{"Settings":{"Type":"None"}},"GradingData":[],"Language":[],"NextChoiceId":4,"NextAnswerId":1,"QuestionID":"QID6"}},{"SurveyID":"SV_6ViRhA5W64pm3kh","Element":"SQ","PrimaryAttribute":"QID3","SecondaryAttribute":"What is your favorite book?","TertiaryAttribute":null,"Payload":{"QuestionText":"What is your favorite book?","DataExportTag":"Q2","QuestionType":"MC","Selector":"SAVR","SubSelector":"TX","Configuration":{"QuestionDescriptionOption":"UseText"},"QuestionDescription":"What is your favorite book?","Choices":{"1":{"Display":"Choice created using Survey API!"},"2":{"Display":"harry potter"},"3":{"Display":"james bond"}},"ChoiceOrder":["1","2","3"],"Validation":{"Settings":{"ForceResponse":"OFF","ForceResponseType":"ON","Type":"None"}},"Language":[],"QuestionID":"QID3"}},{"SurveyID":"SV_6ViRhA5W64pm3kh","Element":"SQ","PrimaryAttribute":"QID2","SecondaryAttribute":"What is your favorite color?","TertiaryAttribute":null,"Payload":{"QuestionText":"What is your favorite color?","DataExportTag":"Q2","QuestionType":"MC","Selector":"SAVR","SubSelector":"TX","Configuration":{"QuestionDescriptionOption":"UseText"},"QuestionDescription":"What is your favorite color?","Choices":{"1":{"Display":"Choice created using Survey API!"},"2":{"Display":"green"},"3":{"Display":"blue"}},"ChoiceOrder":["1","2","3"],"Validation":{"Settings":{"ForceResponse":"OFF","ForceResponseType":"ON","Type":"None"}},"Language":[],"QuestionID":"QID2"}},{"SurveyID":"SV_6ViRhA5W64pm3kh","Element":"TR","PrimaryAttribute":"OC_pt5gsSPCbRynCy5","SecondaryAttribute":null,"TertiaryAttribute":"ApiExternal","Payload":{"Name":"New Action","EventType":"ApiExternal","Type":"OnSurveyComplete","Subtype":"JSON","LogicV2":{"type":"always","children":[]},"eventContext":[],"TriggerAction":"Outcome","urlTokenId":"ebd90e9b-e7f4-4774-951d-c5de68e4a7c9"}}]}