{"SurveyEntry":{"SurveyID":"SV_6DV78PHfl2EiCwd","SurveyName":"Gofundme-1","SurveyDescription":null,"SurveyOwnerID":"UR_bIemZu1ms6gWcBL","SurveyBrandID":"terry","DivisionID":"DV_8IiQvU3GW1BHgxL","SurveyLanguage":"EN","SurveyActiveResponseSet":"RS_6JTNuRPsiyAlerX","SurveyStatus":"Active","SurveyStartDate":"0000-00-00 00:00:00","SurveyExpirationDate":"0000-00-00 00:00:00","SurveyCreationDate":"2019-11-14 14:59:29","CreatorID":"UR_bIemZu1ms6gWcBL","LastModified":"2019-11-14 16:51:17","LastAccessed":"0000-00-00 00:00:00","LastActivated":"2019-11-14 16:50:44","Deleted":null},"SurveyElements":[{"SurveyID":"SV_6DV78PHfl2EiCwd","Element":"BL","PrimaryAttribute":"Survey Blocks","SecondaryAttribute":null,"TertiaryAttribute":null,"Payload":{"1":{"Type":"Trash","Description":"Trash \/ Unused Questions","ID":"BL_24TkhAqq4Fiq9Lv","BlockElements":[{"Type":"Question","QuestionID":"QID1"},{"Type":"Question","QuestionID":"QID5"},{"Type":"Question","QuestionID":"QID4"},{"Type":"Question","QuestionID":"QID6"},{"Type":"Question","QuestionID":"QID8"},{"Type":"Question","QuestionID":"QID2"},{"Type":"Question","QuestionID":"QID3"},{"Type":"Question","QuestionID":"QID7"},{"Type":"Question","QuestionID":"QID17"},{"Type":"Question","QuestionID":"QID19"},{"Type":"Question","QuestionID":"QID10"},{"Type":"Question","QuestionID":"QID11"},{"Type":"Question","QuestionID":"QID12"},{"Type":"Question","QuestionID":"QID18"},{"Type":"Question","QuestionID":"QID13"},{"Type":"Question","QuestionID":"QID22"},{"Type":"Question","QuestionID":"QID14"},{"Type":"Question","QuestionID":"QID15"}]},"3":{"Type":"Standard","SubType":"","Description":"Motivation","ID":"BL_eo3BBb4ZG9qptf7","BlockElements":[{"Type":"Question","QuestionID":"QID9"},{"Type":"Question","QuestionID":"QID20"},{"Type":"Question","QuestionID":"QID21"},{"Type":"Question","QuestionID":"QID23"},{"Type":"Question","QuestionID":"QID24"}],"Options":{"BlockLocking":"false","RandomizeQuestions":"false","BlockVisibility":"Expanded"}},"5":{"Type":"Standard","SubType":"","Description":"General","ID":"BL_cYng6ytrZ28GJ1P","BlockElements":[{"Type":"Question","QuestionID":"QID16"},{"Type":"Question","QuestionID":"QID25"},{"Type":"Question","QuestionID":"QID26"}],"Options":{"BlockLocking":"false","RandomizeQuestions":"false","BlockVisibility":"Expanded"}}}},{"SurveyID":"SV_6DV78PHfl2EiCwd","Element":"FL","PrimaryAttribute":"Survey Flow","SecondaryAttribute":null,"TertiaryAttribute":null,"Payload":{"Type":"Root","FlowID":"FL_1","Flow":[{"Type":"Standard","ID":"BL_cYng6ytrZ28GJ1P","FlowID":"FL_6"},{"Type":"Standard","ID":"BL_eo3BBb4ZG9qptf7","FlowID":"FL_4"},{"Type":"EmbeddedData","FlowID":"FL_8","EmbeddedData":[{"Description":"Random_Number","Type":"Custom","Field":"Random_Number","VariableType":"String","DataVisibility":[],"AnalyzeText":false,"Value":"${rand:\/\/int\/100000:9000000}"}]}],"Properties":{"Count":8,"RemovedFieldsets":[]}}},{"SurveyID":"SV_6DV78PHfl2EiCwd","Element":"SO","PrimaryAttribute":"Survey Options","SecondaryAttribute":null,"TertiaryAttribute":null,"Payload":{"BackButton":"true","SaveAndContinue":"true","SurveyProtection":"PublicSurvey","BallotBoxStuffingPrevention":"false","NoIndex":"Yes","SecureResponseFiles":"true","SurveyExpiration":null,"SurveyTermination":"DisplayMessage","Header":"","Footer":"","ProgressBarDisplay":"None","PartialData":"+1 week","ValidationMessage":null,"PreviousButton":" \u2190 ","NextButton":" \u2192 ","SkinLibrary":"terry","SkinType":"MQ","Skin":"terrybusiness-gray","NewScoring":1,"ProtectSelectionIds":true,"EOSMessage":"MS_8cVI2ivLFkK6ve5","ShowExportTags":"false","CollectGeoLocation":"false","SurveyTitle":"Online Survey Software | Qualtrics Survey Solutions","SurveyMetaDescription":"Qualtrics sophisticated online survey software solutions make creating online surveys easy. Learn more about Research Suite and get a free account today.","PasswordProtection":"No","AnonymizeResponse":"No","Password":"","RefererCheck":"No","RefererURL":"http:\/\/","UseCustomSurveyLinkCompletedMessage":null,"SurveyLinkCompletedMessage":"","SurveyLinkCompletedMessageLibrary":"","ResponseSummary":"No","EOSMessageLibrary":"UR_bIemZu1ms6gWcBL","EOSRedirectURL":"https:\/\/","EmailThankYou":"false","ThankYouEmailMessageLibrary":null,"ThankYouEmailMessage":null,"ValidateMessage":"false","ValidationMessageLibrary":null,"InactiveSurvey":"DefaultMessage","PartialDataCloseAfter":"LastActivity","ActiveResponseSet":null,"InactiveMessageLibrary":"","InactiveMessage":"","AvailableLanguages":{"EN":[]}}},{"SurveyID":"SV_6DV78PHfl2EiCwd","Element":"SCO","PrimaryAttribute":"Scoring","SecondaryAttribute":null,"TertiaryAttribute":null,"Payload":{"ScoringCategories":[],"ScoringCategoryGroups":[],"ScoringSummaryCategory":null,"ScoringSummaryAfterQuestions":0,"ScoringSummaryAfterSurvey":0,"DefaultScoringCategory":null,"AutoScoringCategory":null}},{"SurveyID":"SV_6DV78PHfl2EiCwd","Element":"PROJ","PrimaryAttribute":"CORE","SecondaryAttribute":null,"TertiaryAttribute":"1.1.0","Payload":{"ProjectCategory":"CORE","SchemaVersion":"1.1.0"}},{"SurveyID":"SV_6DV78PHfl2EiCwd","Element":"STAT","PrimaryAttribute":"Survey Statistics","SecondaryAttribute":null,"TertiaryAttribute":null,"Payload":{"MobileCompatible":false,"ID":"Survey Statistics"}},{"SurveyID":"SV_6DV78PHfl2EiCwd","Element":"QC","PrimaryAttribute":"Survey Question Count","SecondaryAttribute":"26","TertiaryAttribute":null,"Payload":null},{"SurveyID":"SV_6DV78PHfl2EiCwd","Element":"SQ","PrimaryAttribute":"QID1","SecondaryAttribute":"Click to write the question text","TertiaryAttribute":null,"Payload":{"QuestionText":"Click to write the question text","DataExportTag":"Q1","QuestionType":"MC","Selector":"SAVR","SubSelector":"TX","Configuration":{"QuestionDescriptionOption":"UseText"},"QuestionDescription":"Click to write the question text","Choices":{"1":{"Display":"Click to write Choice 1"},"2":{"Display":"Click to write Choice 2"},"3":{"Display":"Click to write Choice 3"}},"ChoiceOrder":["1","2","3"],"Validation":{"Settings":{"ForceResponse":"OFF","ForceResponseType":"ON","Type":"None"}},"Language":[],"NextChoiceId":4,"NextAnswerId":1,"QuestionID":"QID1"}},{"SurveyID":"SV_6DV78PHfl2EiCwd","Element":"SQ","PrimaryAttribute":"QID5","SecondaryAttribute":"Click to write the question text","TertiaryAttribute":null,"Payload":{"QuestionText":"Click to write the question text","DefaultChoices":false,"DataExportTag":"Q5","QuestionType":"TE","Selector":"SL","Configuration":{"QuestionDescriptionOption":"UseText"},"QuestionDescription":"Click to write the question text","Validation":{"Settings":{"ForceResponse":"OFF","ForceResponseType":"ON","Type":"None"}},"GradingData":[],"Language":[],"NextChoiceId":4,"NextAnswerId":1,"SearchSource":{"AllowFreeResponse":"false"},"QuestionID":"QID5"}},{"SurveyID":"SV_6DV78PHfl2EiCwd","Element":"SQ","PrimaryAttribute":"QID8","SecondaryAttribute":"Click to write the question text","TertiaryAttribute":null,"Payload":{"QuestionText":"Click to write the question text","DataExportTag":"Q8","QuestionType":"MC","Selector":"SAVR","SubSelector":"TX","Configuration":{"QuestionDescriptionOption":"UseText"},"QuestionDescription":"Click to write the question text","Choices":{"1":{"Display":"Click to write Choice 1"},"2":{"Display":"Click to write Choice 2"},"3":{"Display":"Click to write Choice 3"}},"ChoiceOrder":["1","2","3"],"Validation":{"Settings":{"ForceResponse":"OFF","ForceResponseType":"ON","Type":"None"}},"Language":[],"NextChoiceId":4,"NextAnswerId":1,"QuestionID":"QID8"}},{"SurveyID":"SV_6DV78PHfl2EiCwd","Element":"SQ","PrimaryAttribute":"QID17","SecondaryAttribute":"Click to write the question text","TertiaryAttribute":null,"Payload":{"QuestionText":"Click to write the question text","DataExportTag":"Q17","QuestionType":"MC","Selector":"SAVR","SubSelector":"TX","Configuration":{"QuestionDescriptionOption":"UseText"},"QuestionDescription":"Click to write the question text","Choices":{"1":{"Display":"Click to write Choice 1"},"2":{"Display":"Click to write Choice 2"},"3":{"Display":"Click to write Choice 3"}},"ChoiceOrder":["1","2","3"],"Validation":{"Settings":{"ForceResponse":"OFF","ForceResponseType":"ON","Type":"None"}},"Language":[],"NextChoiceId":4,"NextAnswerId":1,"QuestionID":"QID17"}},{"SurveyID":"SV_6DV78PHfl2EiCwd","Element":"SQ","PrimaryAttribute":"QID18","SecondaryAttribute":"Click to write the question text","TertiaryAttribute":null,"Payload":{"QuestionText":"Click to write the question text","DataExportTag":"Q18","QuestionType":"MC","Selector":"SAVR","SubSelector":"TX","Configuration":{"QuestionDescriptionOption":"UseText"},"QuestionDescription":"Click to write the question text","Choices":{"1":{"Display":"Click to write Choice 1"},"2":{"Display":"Click to write Choice 2"},"3":{"Display":"Click to write Choice 3"}},"ChoiceOrder":["1","2","3"],"Validation":{"Settings":{"ForceResponse":"OFF","ForceResponseType":"ON","Type":"None"}},"Language":[],"NextChoiceId":4,"NextAnswerId":1,"QuestionID":"QID18"}},{"SurveyID":"SV_6DV78PHfl2EiCwd","Element":"RS","PrimaryAttribute":"RS_6JTNuRPsiyAlerX","SecondaryAttribute":"Default Response Set","TertiaryAttribute":null,"Payload":null},{"SurveyID":"SV_6DV78PHfl2EiCwd","Element":"SQ","PrimaryAttribute":"QID15","SecondaryAttribute":"How much on average have you donated so far?","TertiaryAttribute":null,"Payload":{"QuestionText":"How much on average have you donated so far?","DataExportTag":"Q15","QuestionType":"MC","Selector":"SAVR","SubSelector":"TX","Configuration":{"QuestionDescriptionOption":"UseText"},"QuestionDescription":"How much on average have you donated so far?","Choices":{"1":{"Display":"0-$20"},"2":{"Display":"$21-$44"},"3":{"Display":"$45-$69"},"4":{"Display":"$70-$99"},"5":{"Display":"$100-$199"},"6":{"Display":"More than $200"}},"ChoiceOrder":["1","2","3","4","5","6"],"Validation":{"Settings":{"ForceResponse":"OFF","ForceResponseType":"ON","Type":"None"}},"Language":[],"NextChoiceId":7,"NextAnswerId":1,"QuestionID":"QID15","DataVisibility":{"Private":false,"Hidden":false}}},{"SurveyID":"SV_6DV78PHfl2EiCwd","Element":"SQ","PrimaryAttribute":"QID24","SecondaryAttribute":"How much on average have you donated so far?","TertiaryAttribute":null,"Payload":{"QuestionText":"How much on average have you donated so far?","DataExportTag":"Q8","QuestionType":"MC","Selector":"SAVR","SubSelector":"TX","Configuration":{"QuestionDescriptionOption":"UseText"},"QuestionDescription":"How much on average have you donated so far?","Choices":{"1":{"Display":"0-$20"},"2":{"Display":"$21-$44"},"3":{"Display":"$45-$69"},"4":{"Display":"$70-$99"},"5":{"Display":"$100-$199"},"6":{"Display":"More than $200"}},"ChoiceOrder":["1","2","3","4","5","6"],"Validation":{"Settings":{"ForceResponse":"ON","ForceResponseType":"ON","Type":"None"}},"Language":[],"NextChoiceId":7,"NextAnswerId":1,"QuestionID":"QID24","DataVisibility":{"Private":false,"Hidden":false},"QuestionText_Unsafe":"How much on average have you donated so far?"}},{"SurveyID":"SV_6DV78PHfl2EiCwd","Element":"SQ","PrimaryAttribute":"QID14","SecondaryAttribute":"How often do you donate to a charity situation?","TertiaryAttribute":null,"Payload":{"QuestionText":"How often do you donate to a charity situation?","DataExportTag":"Q14","QuestionType":"MC","Selector":"SAVR","SubSelector":"TX","Configuration":{"QuestionDescriptionOption":"UseText"},"QuestionDescription":"How often do you donate to a charity situation?","Choices":{"1":{"Display":"If only someone sends me a link to donate"},"2":{"Display":"Only if I know the person in need"},"3":{"Display":"At least once a year"},"4":{"Display":"More than once a year"},"5":{"Display":"Rarely"},"6":{"Display":"Never"}},"ChoiceOrder":["1","2","3","4","5","6"],"Validation":{"Settings":{"ForceResponse":"OFF","ForceResponseType":"ON","Type":"None"}},"Language":[],"NextChoiceId":7,"NextAnswerId":1,"QuestionID":"QID14","DataVisibility":{"Private":false,"Hidden":false}}},{"SurveyID":"SV_6DV78PHfl2EiCwd","Element":"SQ","PrimaryAttribute":"QID23","SecondaryAttribute":"How often do you donate to a charity situation?","TertiaryAttribute":null,"Payload":{"QuestionText":"How often do you donate to a charity situation?","DataExportTag":"Q7","QuestionType":"MC","Selector":"SAVR","SubSelector":"TX","Configuration":{"QuestionDescriptionOption":"UseText"},"QuestionDescription":"How often do you donate to a charity situation?","Choices":{"1":{"Display":"If only someone sends me a link to donate"},"2":{"Display":"Only if I know the person in need"},"3":{"Display":"At least once a year"},"4":{"Display":"More than once a year"},"5":{"Display":"Rarely"},"6":{"Display":"Never"}},"ChoiceOrder":["1","2","3","4","5","6"],"Validation":{"Settings":{"ForceResponse":"ON","ForceResponseType":"ON","Type":"None"}},"Language":[],"NextChoiceId":7,"NextAnswerId":1,"QuestionID":"QID23","QuestionText_Unsafe":"How often do you donate to a charity situation?","DataVisibility":{"Private":false,"Hidden":false}}},{"SurveyID":"SV_6DV78PHfl2EiCwd","Element":"SQ","PrimaryAttribute":"QID25","SecondaryAttribute":"If you are willing to donate to this situation, how much will you donate?","TertiaryAttribute":null,"Payload":{"QuestionText":"If you are willing to donate to this situation, how much will you donate?","DataExportTag":"Q2","QuestionType":"MC","Selector":"SAVR","SubSelector":"TX","Configuration":{"QuestionDescriptionOption":"UseText"},"QuestionDescription":"If you are willing to donate to this situation, how much will you donate?","Choices":{"1":{"Display":"I wouldn't donate to this situation"},"2":{"Display":"$21-$44"},"3":{"Display":"$45-$69"},"4":{"Display":"$70-$99"},"5":{"Display":"$100-$199"},"6":{"Display":"More than $200"},"7":{"Display":"Less than $20"}},"ChoiceOrder":["1","7","2","3","4","5","6"],"Validation":{"Settings":{"ForceResponse":"ON","ForceResponseType":"ON","Type":"None"}},"Language":[],"NextChoiceId":8,"NextAnswerId":1,"QuestionID":"QID25","QuestionText_Unsafe":"If you are willing to donate to this situation, how much will you donate?","DataVisibility":{"Private":false,"Hidden":false}}},{"SurveyID":"SV_6DV78PHfl2EiCwd","Element":"SQ","PrimaryAttribute":"QID4","SecondaryAttribute":"Lighthouse","TertiaryAttribute":null,"Payload":{"QuestionText":"Lighthouse","DefaultChoices":false,"DataExportTag":"Q4","QuestionType":"DB","Selector":"GRB","SubSelector":"WOTXB","Configuration":{"QuestionDescriptionOption":"UseText"},"QuestionDescription":"Lighthouse","ChoiceOrder":[],"Validation":{"Settings":{"Type":"None"}},"GradingData":[],"Language":[],"NextChoiceId":4,"NextAnswerId":1,"Graphics":"IM_74mJxMdLTAMaF4p","GraphicsDescription":"Lighthouse","QuestionID":"QID4"}},{"SurveyID":"SV_6DV78PHfl2EiCwd","Element":"SQ","PrimaryAttribute":"QID9","SecondaryAttribute":"Please answer the following questions.","TertiaryAttribute":null,"Payload":{"QuestionText":"Please answer the following questions.","DefaultChoices":false,"DataExportTag":"Q4","QuestionType":"Matrix","Selector":"Likert","SubSelector":"SingleAnswer","Configuration":{"QuestionDescriptionOption":"UseText","TextPosition":"inline","ChoiceColumnWidth":25,"RepeatHeaders":"all","WhiteSpace":"OFF","MobileFirst":true},"QuestionDescription":"Please answer the following questions.","Choices":{"1":{"Display":"In general, You feel responsible for those in need"},"2":{"Display":"You should donate more than what you have done so far"},"3":{"Display":"Donating to charity makes you feel happy"},"4":{"Display":"You make a donation because you are concerned about those less fortunate than you"},"5":{"Display":"Making a donation helps you obtain recognition"},"6":{"Display":"Making a donation makes you feel powerful"},"7":{"Display":"You donate because you feel compassion toward people in need"},"8":{"Display":"You donate to charities because it makes you feel needed"}},"ChoiceOrder":["1","2","3","4","5","6","7","8"],"Validation":{"Settings":{"ForceResponse":"ON","ForceResponseType":"ON","Type":"None"}},"GradingData":[],"Language":[],"NextChoiceId":9,"NextAnswerId":8,"Answers":{"1":{"Display":"Strongly Disagree"},"2":{"Display":"Disagree"},"3":{"Display":"Somewhat Disagree"},"4":{"Display":"Neither Agree or Disagree"},"5":{"Display":"Somewhat Agree"},"6":{"Display":"Agree"},"7":{"Display":"Strongly Agree"}},"AnswerOrder":["1","2","3","4","5","6","7"],"ChoiceDataExportTags":false,"QuestionID":"QID9","DataVisibility":{"Private":false,"Hidden":false},"QuestionText_Unsafe":"Please answer the following questions."}},{"SurveyID":"SV_6DV78PHfl2EiCwd","Element":"SQ","PrimaryAttribute":"QID26","SecondaryAttribute":"Please answer the following statements.","TertiaryAttribute":null,"Payload":{"QuestionText":"Please answer the following statements.","DefaultChoices":false,"DataExportTag":"Q3","QuestionType":"Matrix","Selector":"Likert","SubSelector":"SingleAnswer","Configuration":{"QuestionDescriptionOption":"UseText","TextPosition":"inline","ChoiceColumnWidth":25,"RepeatHeaders":"middle","WhiteSpace":"OFF","MobileFirst":true},"QuestionDescription":"Please answer the following statements.","Choices":{"1":{"Display":"You feel happy and satisfied after donating to the person (people) presented in the image"},"2":{"Display":"You feel guilty if you don\u2019t help the person (people) presented in the image"}},"ChoiceOrder":["1","2"],"Validation":{"Settings":{"ForceResponse":"ON","ForceResponseType":"ON","Type":"None"}},"GradingData":[],"Language":[],"NextChoiceId":4,"NextAnswerId":9,"Answers":{"1":{"Display":"Strongly Disagree"},"2":{"Display":"Disagree"},"4":{"Display":"Somewhat Disagree"},"5":{"Display":"Neither Agree or Disagree"},"6":{"Display":"Somewhat Agree"},"7":{"Display":"Agree"},"8":{"Display":"Strongly Agree"}},"AnswerOrder":["1","2","4","5","6","7","8"],"ChoiceDataExportTags":false,"QuestionID":"QID26","DataVisibility":{"Private":false,"Hidden":false},"QuestionText_Unsafe":"Please answer the following statements."}},{"SurveyID":"SV_6DV78PHfl2EiCwd","Element":"SQ","PrimaryAttribute":"QID16","SecondaryAttribute":"Please look at the image below and read the following text. Then answer the questions.Samya Grego...","TertiaryAttribute":null,"Payload":{"QuestionText":"Please look at the image below and read the following text. Then answer the questions.<br \/><br \/> <i>Samya Gregory Homegoing celebration<\/i><br \/>Samya suffered from asthma and has battled it her whole life. Recently, an attack came that she could not overcome and she passed away. Any donation will help her family with the costs of the funeral and burial. ","DataExportTag":"Q1","QuestionType":"Matrix","Selector":"Likert","SubSelector":"SingleAnswer","Configuration":{"QuestionDescriptionOption":"UseText","TextPosition":"inline","ChoiceColumnWidth":25,"RepeatHeaders":"all","WhiteSpace":"OFF","MobileFirst":true},"QuestionDescription":"Please look at the image below and read the following text. Then answer the questions.Samya Grego...","Choices":{"1":{"Display":"The person (people) presented in the image is in the need of a donation"},"2":{"Display":"There will be serious consequences if people don't donate to this situation"},"3":{"Display":"The person (people) presented in the image is responsible for this situation"},"4":{"Display":"The person (people) presented in the image could have controlled or prevented this situation"},"5":{"Display":"The welfare of the person (people) in the image will be improved after receiving a donation"},"6":{"Display":"You feel obligated to make a donation to the person (people) presented in the image"},"7":{"Display":"You support donating to this situation to be fair"},"8":{"Display":"You support donating to this situation to be just"},"9":{"Display":"This situation is presented in a unique way"},"10":{"Display":"This situation is presented in a novel way"},"11":{"Display":"You feel sympathetic with the person (people) presented in the image"},"12":{"Display":"This situation is a rare one"},"13":{"Display":"You feel concerned about the person (people) presented in the image"},"14":{"Display":"You feel compassionate about the person (people) presented in the image"},"15":{"Display":"You feel softhearted by the person (people) presented in the image"},"17":{"Display":"Looking at the person (people) presented in the image made you feel happy"},"18":{"Display":"Looking at the person (people) presented in the image made you feel sad"},"19":{"Display":"Looking at the person (people) presented in the image made you feel angry"},"20":{"Display":"Looking at the person (people) presented in the image made you feel shocked"},"21":{"Display":"Looking at the person (people) presented in the image made you feel guilty"},"22":{"Display":"Looking at the person (people) presented in the image made you feel ashamed"},"24":{"Display":"You feel empathy for the person (people) presented in the image"},"25":{"Display":"You are willing to donate to the person (people) presented in the image if you are hypothetically asked to"},"29":{"Display":"Looking at the person (people) presented in the image made you feel surprised"},"30":{"Display":"This situation is presented in a cool way"},"31":{"Display":"The person (people) presented in the image could be you some day"},"33":{"Display":"This situation's need for financial support from donors will be even greater in the future"},"34":{"Display":"The person (people) presented in the image deserves a donation"}},"ChoiceOrder":["1","2","33","34","3","4","5","6","7","8","9","10","12","11","24","13","14","15","17","18","19","20","21","22","29","30","31","25"],"Validation":{"Settings":{"ForceResponse":"ON","ForceResponseType":"ON","Type":"None"}},"GradingData":[],"Language":[],"NextChoiceId":36,"NextAnswerId":9,"Answers":{"1":{"Display":"Strongly Disagree"},"2":{"Display":"Disagree"},"3":{"Display":"Somewhat Disagree"},"4":{"Display":"Neither Agree or Disagree"},"5":{"Display":"Somewhat Agree"},"6":{"Display":"Agree"},"7":{"Display":"Strongly Agree"}},"AnswerOrder":["1","2","3","4","5","6","7"],"ChoiceDataExportTags":false,"QuestionID":"QID16","DataVisibility":{"Private":false,"Hidden":false}}},{"SurveyID":"SV_6DV78PHfl2EiCwd","Element":"SQ","PrimaryAttribute":"QID7","SecondaryAttribute":"Please look\u00a0at the image below and read the following text. Then answer the questions.Adrianne Af..","TertiaryAttribute":null,"Payload":{"QuestionText":"<p>Please look&nbsp;at the image below and read the following text. Then answer the questions.<br>\n<br>\n<img height=\"200\" src=\"https:\/\/terry.qualtrics.com\/CP\/Graphic.php?IM=IM_6zDjTznKg271H49\" style=\"width: 150px; height: 200px;\" width=\"150\"><br>\n<br>\n<em>Adrianne<\/em><\/p>\n\n<p><em>After many months of mis-diagnosis, a CT scan revealed a malignant mass of brain cancer. Adrianne suffers from radiation induced optic nerve atrophy. She is blind and has partial hearing loss from the chemotherapy. Any donation will help her recover faster.<\/em><\/p>\n\n<p><br>\n<em>Please tell us how much you agree with the following statements.<\/em><\/p><p><em>Please note that all the questions are for the survey purpose and you won't be asked to make any donation.<br>\n<br>\n<em><o:p><\/o:p><\/em><\/em><\/p>","DefaultChoices":false,"DataExportTag":"Q7","QuestionID":"QID7","QuestionType":"Matrix","Selector":"Likert","SubSelector":"SingleAnswer","DataVisibility":{"Private":false,"Hidden":false},"Configuration":{"QuestionDescriptionOption":"UseText","TextPosition":"inline","ChoiceColumnWidth":25,"RepeatHeaders":"all","WhiteSpace":"OFF","MobileFirst":true},"QuestionDescription":"Please look\u00a0at the image below and read the following text. Then answer the questions.Adrianne Af...","Choices":{"1":{"Display":"The person (people) in the image deserve a donation"},"2":{"Display":"The person (people) in the image is in the need of a donation"},"3":{"Display":"The person (people) in the image is responsible for this situation"},"4":{"Display":"The person (people) in the image could have controlled or prevented this situation"},"5":{"Display":"The welfare of the person (people) in the image will be improved after receiving a donation"},"6":{"Display":"You feel obligated to make a donation to the person (people) in the image"},"7":{"Display":"You donate to this situation if you are asked to"},"8":{"Display":"You support donating to this situation to be fair"},"9":{"Display":"You support donating to this situation to be just"},"10":{"Display":"This situation is presented in a unique way"},"11":{"Display":"This situation is presented in a novel way"},"12":{"Display":"This situation is a rare one"},"13":{"Display":"You feel sympathetic with the person (people) in the image"},"14":{"Display":"You feel empathic with the person (people) in the image"},"15":{"Display":"You feel concerned about the person (people) in the image"},"16":{"Display":"You feel compassionate about the person (people) in the image"},"17":{"Display":"You feel softhearted by the person (people) in the image"},"18":{"Display":"You feel happy and satisfied after donating to this situation"},"19":{"Display":"Looking the person (people) in the image makes you feel happy"},"20":{"Display":"Looking the person (people) in the image makes you feel sad"},"21":{"Display":"Looking the person (people) in the image makes you feel angry"},"22":{"Display":"Looking the person (people) in the image makes you feel shocked"},"23":{"Display":"Looking the person (people) in the image makes you feel guilty"},"24":{"Display":"Looking the person (people) in the image makes you feel ashamed"},"25":{"Display":"You feel guilty if you don\u2019t help the person (people) in the image"},"26":{"Display":"This image could be a good reference of you some day"}},"ChoiceOrder":["1","2","3","4","5","6","8","9","10","11","12","7","13","14","15","16","17","18","19","20","21","22","23","24","25","26"],"Validation":{"Settings":{"ForceResponse":"OFF","ForceResponseType":"ON","Type":"None"}},"GradingData":[],"Language":[],"NextChoiceId":27,"NextAnswerId":8,"Answers":{"1":{"Display":"Strongly Disagree"},"2":{"Display":"Disagree"},"3":{"Display":"Somewhat Disagree"},"4":{"Display":"Neither Agree or Disagree"},"5":{"Display":"Somewhat Agree"},"6":{"Display":"Agree"},"7":{"Display":"Strongly Agree"}},"AnswerOrder":[1,2,3,4,5,6,7],"ChoiceDataExportTags":false}},{"SurveyID":"SV_6DV78PHfl2EiCwd","Element":"SQ","PrimaryAttribute":"QID6","SecondaryAttribute":"This is a text that I should dynamically load along with above image.","TertiaryAttribute":null,"Payload":{"QuestionText":"This is a text that I should dynamically load along with above image.","DefaultChoices":false,"DataExportTag":"Q6","QuestionType":"DB","Selector":"TB","Configuration":{"QuestionDescriptionOption":"UseText"},"QuestionDescription":"This is a text that I should dynamically load along with above image.","ChoiceOrder":[],"Validation":{"Settings":{"Type":"None"}},"GradingData":[],"Language":[],"NextChoiceId":4,"NextAnswerId":1,"QuestionID":"QID6"}},{"SurveyID":"SV_6DV78PHfl2EiCwd","Element":"SQ","PrimaryAttribute":"QID10","SecondaryAttribute":"What is your age?","TertiaryAttribute":null,"Payload":{"QuestionText":"What&nbsp; is your age?","DataExportTag":"Q10","QuestionType":"MC","Selector":"MAVR","SubSelector":"TX","Configuration":{"QuestionDescriptionOption":"UseText"},"QuestionDescription":"What is your age?","Choices":{"1":{"Display":"Under 30"},"2":{"Display":"30 to 39"},"3":{"Display":"40 to 49"},"4":{"Display":"50 to 59"},"5":{"Display":"60 or above"}},"ChoiceOrder":["1","2","3","4","5"],"Validation":{"Settings":{"ForceResponse":"OFF","ForceResponseType":"ON","Type":"None"}},"Language":[],"NextChoiceId":10,"NextAnswerId":1,"QuestionID":"QID10","DataVisibility":{"Private":false,"Hidden":false}}},{"SurveyID":"SV_6DV78PHfl2EiCwd","Element":"SQ","PrimaryAttribute":"QID19","SecondaryAttribute":"What is your age?","TertiaryAttribute":null,"Payload":{"QuestionText":"What&nbsp; is your age?","DataExportTag":"Q19","QuestionType":"MC","Selector":"SAVR","SubSelector":"TX","Configuration":{"QuestionDescriptionOption":"UseText"},"QuestionDescription":"What is your age?","Choices":{"1":{"Display":"Click to write Choice 1"},"2":{"Display":"Click to write Choice 2"},"3":{"Display":"Click to write Choice 3"},"4":{"Display":"Click to write Choice 4"},"5":{"Display":"Click to write Choice 5"}},"ChoiceOrder":["1","2","3","4","5"],"Validation":{"Settings":{"ForceResponse":"OFF","ForceResponseType":"ON","Type":"None"}},"Language":[],"NextChoiceId":6,"NextAnswerId":1,"QuestionID":"QID19"}},{"SurveyID":"SV_6DV78PHfl2EiCwd","Element":"SQ","PrimaryAttribute":"QID13","SecondaryAttribute":"What is your education level?","TertiaryAttribute":null,"Payload":{"QuestionText":"What is your education level?","DataExportTag":"Q13","QuestionType":"MC","Selector":"SAVR","SubSelector":"TX","Configuration":{"QuestionDescriptionOption":"UseText"},"QuestionDescription":"What is your education level?","Choices":{"1":{"Display":"High School"},"2":{"Display":"Some College"},"3":{"Display":"Bachelors Degree"},"4":{"Display":"Masters Degree"},"5":{"Display":"PhD Degree"}},"ChoiceOrder":["1","2","3","4","5"],"Validation":{"Settings":{"ForceResponse":"OFF","ForceResponseType":"ON","Type":"None"}},"Language":[],"NextChoiceId":6,"NextAnswerId":1,"QuestionID":"QID13","DataVisibility":{"Private":false,"Hidden":false}}},{"SurveyID":"SV_6DV78PHfl2EiCwd","Element":"SQ","PrimaryAttribute":"QID22","SecondaryAttribute":"What is your education level?","TertiaryAttribute":null,"Payload":{"QuestionText":"What is your education level?","DataExportTag":"Q22","QuestionType":"MC","Selector":"SAVR","SubSelector":"TX","Configuration":{"QuestionDescriptionOption":"UseText"},"QuestionDescription":"What is your education level?","Choices":{"1":{"Display":"High School"},"2":{"Display":"Some College"},"3":{"Display":"Bachelors Degree"},"4":{"Display":"Masters Degree"},"5":{"Display":"PhD Degree"}},"ChoiceOrder":["1","2","3","4","5"],"Validation":{"Settings":{"ForceResponse":"OFF","ForceResponseType":"ON","Type":"None"}},"Language":[],"NextChoiceId":6,"NextAnswerId":1,"QuestionID":"QID22"}},{"SurveyID":"SV_6DV78PHfl2EiCwd","Element":"SQ","PrimaryAttribute":"QID3","SecondaryAttribute":"What is your favorite book?","TertiaryAttribute":null,"Payload":{"QuestionText":"What is your favorite book?","DataExportTag":"Q2","QuestionType":"MC","Selector":"SAVR","SubSelector":"TX","Configuration":{"QuestionDescriptionOption":"UseText"},"QuestionDescription":"What is your favorite book?","Choices":{"1":{"Display":"Choice created using Survey API!"},"2":{"Display":"harry potter"},"3":{"Display":"james bond"}},"ChoiceOrder":["1","2","3"],"Validation":{"Settings":{"ForceResponse":"OFF","ForceResponseType":"ON","Type":"None"}},"Language":[],"QuestionID":"QID3"}},{"SurveyID":"SV_6DV78PHfl2EiCwd","Element":"SQ","PrimaryAttribute":"QID2","SecondaryAttribute":"What is your favorite color?","TertiaryAttribute":null,"Payload":{"QuestionText":"What is your favorite color?","DataExportTag":"Q2","QuestionType":"MC","Selector":"SAVR","SubSelector":"TX","Configuration":{"QuestionDescriptionOption":"UseText"},"QuestionDescription":"What is your favorite color?","Choices":{"1":{"Display":"Choice created using Survey API!"},"2":{"Display":"green"},"3":{"Display":"blue"}},"ChoiceOrder":["1","2","3"],"Validation":{"Settings":{"ForceResponse":"OFF","ForceResponseType":"ON","Type":"None"}},"Language":[],"QuestionID":"QID2"}},{"SurveyID":"SV_6DV78PHfl2EiCwd","Element":"SQ","PrimaryAttribute":"QID12","SecondaryAttribute":"What is your gender?","TertiaryAttribute":null,"Payload":{"QuestionText":"What is your gender?","DataExportTag":"Q12","QuestionType":"MC","Selector":"SAVR","SubSelector":"TX","Configuration":{"QuestionDescriptionOption":"UseText"},"QuestionDescription":"What is your gender?","Choices":{"1":{"Display":"Female"},"2":{"Display":"Male"}},"ChoiceOrder":["1","2"],"Validation":{"Settings":{"ForceResponse":"OFF","ForceResponseType":"ON","Type":"None"}},"Language":[],"NextChoiceId":4,"NextAnswerId":1,"QuestionID":"QID12","DataVisibility":{"Private":false,"Hidden":false}}},{"SurveyID":"SV_6DV78PHfl2EiCwd","Element":"SQ","PrimaryAttribute":"QID21","SecondaryAttribute":"What is your gender?","TertiaryAttribute":null,"Payload":{"QuestionText":"What is your gender?","DataExportTag":"Q6","QuestionType":"MC","Selector":"SAVR","SubSelector":"TX","Configuration":{"QuestionDescriptionOption":"UseText"},"QuestionDescription":"What is your gender?","Choices":{"1":{"Display":"Female"},"2":{"Display":"Male"}},"ChoiceOrder":["1","2"],"Validation":{"Settings":{"ForceResponse":"ON","ForceResponseType":"ON","Type":"None"}},"Language":[],"NextChoiceId":4,"NextAnswerId":1,"QuestionID":"QID21","QuestionText_Unsafe":"What is your gender?","DataVisibility":{"Private":false,"Hidden":false}}},{"SurveyID":"SV_6DV78PHfl2EiCwd","Element":"SQ","PrimaryAttribute":"QID11","SecondaryAttribute":"What is your income level?","TertiaryAttribute":null,"Payload":{"QuestionText":"What is your income level?","DataExportTag":"Q11","QuestionType":"MC","Selector":"SAVR","SubSelector":"TX","Configuration":{"QuestionDescriptionOption":"UseText"},"QuestionDescription":"What is your income level?","Choices":{"1":{"Display":"Less than $25,000"},"2":{"Display":"$25,000 to $49,999"},"3":{"Display":"$50,000 to $99,999"},"4":{"Display":"$100,000 or more"}},"ChoiceOrder":["1","2","3","4"],"Validation":{"Settings":{"ForceResponse":"OFF","ForceResponseType":"ON","Type":"None"}},"Language":[],"NextChoiceId":5,"NextAnswerId":1,"QuestionID":"QID11","DataVisibility":{"Private":false,"Hidden":false}}},{"SurveyID":"SV_6DV78PHfl2EiCwd","Element":"SQ","PrimaryAttribute":"QID20","SecondaryAttribute":"What is your income level?","TertiaryAttribute":null,"Payload":{"QuestionText":"What is your income level?","DataExportTag":"Q5","QuestionType":"MC","Selector":"SAVR","SubSelector":"TX","Configuration":{"QuestionDescriptionOption":"UseText"},"QuestionDescription":"What is your income level?","Choices":{"1":{"Display":"Less than $25,000"},"2":{"Display":"$25,000 to $49,999"},"3":{"Display":"$50,000 to $99,999"},"4":{"Display":"$100,000 or more"}},"ChoiceOrder":["1","2","3","4"],"Validation":{"Settings":{"ForceResponse":"ON","ForceResponseType":"ON","Type":"None"}},"Language":[],"NextChoiceId":5,"NextAnswerId":1,"QuestionID":"QID20","QuestionText_Unsafe":"What is your income level?","DataVisibility":{"Private":false,"Hidden":false}}}]}